
Microsoft Visual Studio Solution File, Format Version 12.00
# Visual Studio 15
VisualStudioVersion = 15.0.26228.4
MinimumVisualStudioVersion = 10.0.40219.1
Project("{FAE04EC0-301F-11D3-BF4B-00C04F79EFBC}") = "SamplePOCApp", "SamplePOCApp\SamplePOCApp.csproj", "{2B16D0AE-D3AA-4C2E-99C2-65DA96B617F6}"
EndProject
Project("{FAE04EC0-301F-11D3-BF4B-00C04F79EFBC}") = "SamplePOCApp.Tests", "SamplePOCApp.Tests\SamplePOCApp.Tests.csproj", "{4E6938B1-1B21-4B1D-9CFB-8EF20D9C65D6}"
EndProject
Global
	GlobalSection(SolutionConfigurationPlatforms) = preSolution
		Debug|Any CPU = Debug|Any CPU
		Release|Any CPU = Release|Any CPU
	EndGlobalSection
	GlobalSection(ProjectConfigurationPlatforms) = postSolution
		{2B16D0AE-D3AA-4C2E-99C2-65DA96B617F6}.Debug|Any CPU.ActiveCfg = Debug|Any CPU
		{2B16D0AE-D3AA-4C2E-99C2-65DA96B617F6}.Debug|Any CPU.Build.0 = Debug|Any CPU
		{2B16D0AE-D3AA-4C2E-99C2-65DA96B617F6}.Release|Any CPU.ActiveCfg = Release|Any CPU
		{2B16D0AE-D3AA-4C2E-99C2-65DA96B617F6}.Release|Any CPU.Build.0 = Release|Any CPU
		{4E6938B1-1B21-4B1D-9CFB-8EF20D9C65D6}.Debug|Any CPU.ActiveCfg = Debug|Any CPU
		{4E6938B1-1B21-4B1D-9CFB-8EF20D9C65D6}.Debug|Any CPU.Build.0 = Debug|Any CPU
		{4E6938B1-1B21-4B1D-9CFB-8EF20D9C65D6}.Release|Any CPU.ActiveCfg = Release|Any CPU
		{4E6938B1-1B21-4B1D-9CFB-8EF20D9C65D6}.Release|Any CPU.Build.0 = Release|Any CPU
	EndGlobalSection
	GlobalSection(SolutionProperties) = preSolution
		HideSolutionNode = FALSE
	EndGlobalSection
EndGlobal
